{
    "_readme": [
        "This file locks the dependencies of your project to a known state",
        "Read more about it at https://getcomposer.org/doc/01-basic-usage.md#installing-dependencies",
        "This file is @generated automatically"
    ],
    "content-hash": "55ad187e01460147a1125691749ad671",
    "packages": [
        {
            "name": "samdark/sitemap",
            "version": "2.2.1",
            "source": {
                "type": "git",
                "url": "https://github.com/samdark/sitemap.git",
                "reference": "dcfef471e79abca9d3c4d83dd6a7861cec1a596a"
            },
            "dist": {
                "type": "zip",
                "url": "https://api.github.com/repos/samdark/sitemap/zipball/dcfef471e79abca9d3c4d83dd6a7861cec1a596a",
                "reference": "dcfef471e79abca9d3c4d83dd6a7861cec1a596a",
                "shasum": ""
            },
            "require": {
                "ext-xmlwriter": "*",
                "php": ">=5.3.0"
            },
            "require-dev": {
                "phpunit/phpunit": "~4.4"
            },
            "type": "library",
            "autoload": {
                "psr-4": {
                    "samdark\\sitemap\\": ""
                }
            },
            "notification-url": "https://packagist.org/downloads/",
            "license": [
                "BSD-3-Clause"
            ],
            "authors": [
                {
                    "name": "Alexander Makarov",
                    "email": "sam@rmcreative.ru",
                    "homepage": "http://rmcreative.ru/"
                }
            ],
            "description": "Sitemap and sitemap index builder",
            "homepage": "https://github.com/samdark/sitemap",
            "keywords": [
                "Sitemap"
            ],
            "time": "2019-03-27T09:31:20+00:00"
        }
    ],
    "packages-dev": [],
    "aliases": [],
    "minimum-stability": "stable",
    "stability-flags": [],
    "prefer-stable": false,
    "prefer-lowest": false,
    "platform": {
        "php": ">=7.2",
        "ext-xmlwriter": "*"
    },
    "platform-dev": [],
    "plugin-api-version": "1.1.0"
}
